// !$*UTF8*$!
{
	archiveVersion = 1;
	classes = {
	};
	objectVersion = 50;
	objects = {

/* Begin PBXBuildFile section */
		609770B526F4F77E00EF3611 /* AppDelegate.swift in Sources */ = {isa = PBXBuildFile; fileRef = 609770B426F4F77E00EF3611 /* AppDelegate.swift */; };
		609770B726F4F77E00EF3611 /* SceneDelegate.swift in Sources */ = {isa = PBXBuildFile; fileRef = 609770B626F4F77E00EF3611 /* SceneDelegate.swift */; };
		609770B926F4F77E00EF3611 /* ViewController.swift in Sources */ = {isa = PBXBuildFile; fileRef = 609770B826F4F77E00EF3611 /* ViewController.swift */; };
		609770BE26F4F78300EF3611 /* Assets.xcassets in Resources */ = {isa = PBXBuildFile; fileRef = 609770BD26F4F78300EF3611 /* Assets.xcassets */; };
		609770C126F4F78300EF3611 /* LaunchScreen.storyboard in Resources */ = {isa = PBXBuildFile; fileRef = 609770BF26F4F78300EF3611 /* LaunchScreen.storyboard */; };
		609770CC26F4F78300EF3611 /* GNBTradesTests.swift in Sources */ = {isa = PBXBuildFile; fileRef = 609770CB26F4F78300EF3611 /* GNBTradesTests.swift */; };
		609770D726F4F78300EF3611 /* GNBTradesUITests.swift in Sources */ = {isa = PBXBuildFile; fileRef = 609770D626F4F78300EF3611 /* GNBTradesUITests.swift */; };
		609770F226F5E5B000EF3611 /* NavigationController.swift in Sources */ = {isa = PBXBuildFile; fileRef = 609770F126F5E5B000EF3611 /* NavigationController.swift */; };
		609770F826F5E79900EF3611 /* APIClient.swift in Sources */ = {isa = PBXBuildFile; fileRef = 609770F726F5E79900EF3611 /* APIClient.swift */; };
		6097710126F5EAA000EF3611 /* ProductsListPresenter.swift in Sources */ = {isa = PBXBuildFile; fileRef = 6097710026F5EAA000EF3611 /* ProductsListPresenter.swift */; };
		6097710926F5EAAC00EF3611 /* ProductsListPresenterProtocol.swift in Sources */ = {isa = PBXBuildFile; fileRef = 6097710826F5EAAC00EF3611 /* ProductsListPresenterProtocol.swift */; };
		6097710E26F5EAEB00EF3611 /* ProductsListViewControllerProtocol.swift in Sources */ = {isa = PBXBuildFile; fileRef = 6097710D26F5EAEB00EF3611 /* ProductsListViewControllerProtocol.swift */; };
		6097711326F5EB3100EF3611 /* TransactionModel.swift in Sources */ = {isa = PBXBuildFile; fileRef = 6097711226F5EB3100EF3611 /* TransactionModel.swift */; };
		6097711826F5EB6C00EF3611 /* ProductsListService.swift in Sources */ = {isa = PBXBuildFile; fileRef = 6097711726F5EB6C00EF3611 /* ProductsListService.swift */; };
		6097711D26F5EC2900EF3611 /* ProductListBuilder.swift in Sources */ = {isa = PBXBuildFile; fileRef = 6097711C26F5EC2900EF3611 /* ProductListBuilder.swift */; };
		6097714E26F5EF1100EF3611 /* ProductViewController.swift in Sources */ = {isa = PBXBuildFile; fileRef = 6097714C26F5EF1100EF3611 /* ProductViewController.swift */; };
		6097714F26F5EF1100EF3611 /* ProductViewController.xib in Resources */ = {isa = PBXBuildFile; fileRef = 6097714D26F5EF1100EF3611 /* ProductViewController.xib */; };
		6097715426F5EF2000EF3611 /* ProductPresenter.swift in Sources */ = {isa = PBXBuildFile; fileRef = 6097715326F5EF2000EF3611 /* ProductPresenter.swift */; };
		6097715926F5EF2F00EF3611 /* ProductPresenterProtocol.swift in Sources */ = {isa = PBXBuildFile; fileRef = 6097715826F5EF2F00EF3611 /* ProductPresenterProtocol.swift */; };
		6097715F26F5EF3F00EF3611 /* RateModel.swift in Sources */ = {isa = PBXBuildFile; fileRef = 6097715E26F5EF3F00EF3611 /* RateModel.swift */; };
		6097716426F5EF4B00EF3611 /* ProductService.swift in Sources */ = {isa = PBXBuildFile; fileRef = 6097716326F5EF4B00EF3611 /* ProductService.swift */; };
		6097716926F5EF9700EF3611 /* ProductViewControllerProtocol.swift in Sources */ = {isa = PBXBuildFile; fileRef = 6097716826F5EF9700EF3611 /* ProductViewControllerProtocol.swift */; };
		6097716E26F5F04B00EF3611 /* ProductsListServiceProtocol.swift in Sources */ = {isa = PBXBuildFile; fileRef = 6097716D26F5F04B00EF3611 /* ProductsListServiceProtocol.swift */; };
		6097717326F5F08A00EF3611 /* ProductServiceProtocol.swift in Sources */ = {isa = PBXBuildFile; fileRef = 6097717226F5F08A00EF3611 /* ProductServiceProtocol.swift */; };
		6097717B26F5F18E00EF3611 /* ProductBuilder.swift in Sources */ = {isa = PBXBuildFile; fileRef = 6097717A26F5F18E00EF3611 /* ProductBuilder.swift */; };
		6097718426F7941100EF3611 /* ProductTableViewCell.swift in Sources */ = {isa = PBXBuildFile; fileRef = 6097718226F7941100EF3611 /* ProductTableViewCell.swift */; };
		6097718526F7941100EF3611 /* ProductTableViewCell.xib in Resources */ = {isa = PBXBuildFile; fileRef = 6097718326F7941100EF3611 /* ProductTableViewCell.xib */; };
		609771A326F8704A00EF3611 /* ProductsListViewController.swift in Sources */ = {isa = PBXBuildFile; fileRef = 609771A126F8704A00EF3611 /* ProductsListViewController.swift */; };
		609771A426F8704A00EF3611 /* ProductsListViewController.xib in Resources */ = {isa = PBXBuildFile; fileRef = 609771A226F8704A00EF3611 /* ProductsListViewController.xib */; };
		609771AF26F8FBC000EF3611 /* ActivityIndicatorScreen.swift in Sources */ = {isa = PBXBuildFile; fileRef = 609771AE26F8FBC000EF3611 /* ActivityIndicatorScreen.swift */; };
		609771B526F8FC2D00EF3611 /* UIViewController+extension.swift in Sources */ = {isa = PBXBuildFile; fileRef = 609771B426F8FC2D00EF3611 /* UIViewController+extension.swift */; };
		609771BE26F8FDF700EF3611 /* TransactionTableViewCell.swift in Sources */ = {isa = PBXBuildFile; fileRef = 609771BC26F8FDF700EF3611 /* TransactionTableViewCell.swift */; };
		609771BF26F8FDF700EF3611 /* TransactionTableViewCell.xib in Resources */ = {isa = PBXBuildFile; fileRef = 609771BD26F8FDF700EF3611 /* TransactionTableViewCell.xib */; };
		609771C626F9220500EF3611 /* String+extension.swift in Sources */ = {isa = PBXBuildFile; fileRef = 609771C526F9220500EF3611 /* String+extension.swift */; };
/* End PBXBuildFile section */

/* Begin PBXContainerItemProxy section */
		609770C826F4F78300EF3611 /* PBXContainerItemProxy */ = {
			isa = PBXContainerItemProxy;
			containerPortal = 609770A926F4F77E00EF3611 /* Project object */;
			proxyType = 1;
			remoteGlobalIDString = 609770B026F4F77E00EF3611;
			remoteInfo = GNBTrades;
		};
		609770D326F4F78300EF3611 /* PBXContainerItemProxy */ = {
			isa = PBXContainerItemProxy;
			containerPortal = 609770A926F4F77E00EF3611 /* Project object */;
			proxyType = 1;
			remoteGlobalIDString = 609770B026F4F77E00EF3611;
			remoteInfo = GNBTrades;
		};
/* End PBXContainerItemProxy section */

/* Begin PBXFileReference section */
		609770B126F4F77E00EF3611 /* GNBTrades.app */ = {isa = PBXFileReference; explicitFileType = wrapper.application; includeInIndex = 0; path = GNBTrades.app; sourceTree = BUILT_PRODUCTS_DIR; };
		609770B426F4F77E00EF3611 /* AppDelegate.swift */ = {isa = PBXFileReference; lastKnownFileType = sourcecode.swift; path = AppDelegate.swift; sourceTree = "<group>"; };
		609770B626F4F77E00EF3611 /* SceneDelegate.swift */ = {isa = PBXFileReference; lastKnownFileType = sourcecode.swift; path = SceneDelegate.swift; sourceTree = "<group>"; };
		609770B826F4F77E00EF3611 /* ViewController.swift */ = {isa = PBXFileReference; lastKnownFileType = sourcecode.swift; path = ViewController.swift; sourceTree = "<group>"; };
		609770BD26F4F78300EF3611 /* Assets.xcassets */ = {isa = PBXFileReference; lastKnownFileType = folder.assetcatalog; path = Assets.xcassets; sourceTree = "<group>"; };
		609770C026F4F78300EF3611 /* Base */ = {isa = PBXFileReference; lastKnownFileType = file.storyboard; name = Base; path = Base.lproj/LaunchScreen.storyboard; sourceTree = "<group>"; };
		609770C226F4F78300EF3611 /* Info.plist */ = {isa = PBXFileReference; lastKnownFileType = text.plist.xml; path = Info.plist; sourceTree = "<group>"; };
		609770C726F4F78300EF3611 /* GNBTradesTests.xctest */ = {isa = PBXFileReference; explicitFileType = wrapper.cfbundle; includeInIndex = 0; path = GNBTradesTests.xctest; sourceTree = BUILT_PRODUCTS_DIR; };
		609770CB26F4F78300EF3611 /* GNBTradesTests.swift */ = {isa = PBXFileReference; lastKnownFileType = sourcecode.swift; path = GNBTradesTests.swift; sourceTree = "<group>"; };
		609770CD26F4F78300EF3611 /* Info.plist */ = {isa = PBXFileReference; lastKnownFileType = text.plist.xml; path = Info.plist; sourceTree = "<group>"; };
		609770D226F4F78300EF3611 /* GNBTradesUITests.xctest */ = {isa = PBXFileReference; explicitFileType = wrapper.cfbundle; includeInIndex = 0; path = GNBTradesUITests.xctest; sourceTree = BUILT_PRODUCTS_DIR; };
		609770D626F4F78300EF3611 /* GNBTradesUITests.swift */ = {isa = PBXFileReference; lastKnownFileType = sourcecode.swift; path = GNBTradesUITests.swift; sourceTree = "<group>"; };
		609770D826F4F78300EF3611 /* Info.plist */ = {isa = PBXFileReference; lastKnownFileType = text.plist.xml; path = Info.plist; sourceTree = "<group>"; };
		609770F126F5E5B000EF3611 /* NavigationController.swift */ = {isa = PBXFileReference; lastKnownFileType = sourcecode.swift; path = NavigationController.swift; sourceTree = "<group>"; };
		609770F726F5E79900EF3611 /* APIClient.swift */ = {isa = PBXFileReference; lastKnownFileType = sourcecode.swift; path = APIClient.swift; sourceTree = "<group>"; };
		6097710026F5EAA000EF3611 /* ProductsListPresenter.swift */ = {isa = PBXFileReference; lastKnownFileType = sourcecode.swift; path = ProductsListPresenter.swift; sourceTree = "<group>"; };
		6097710826F5EAAC00EF3611 /* ProductsListPresenterProtocol.swift */ = {isa = PBXFileReference; lastKnownFileType = sourcecode.swift; path = ProductsListPresenterProtocol.swift; sourceTree = "<group>"; };
		6097710D26F5EAEB00EF3611 /* ProductsListViewControllerProtocol.swift */ = {isa = PBXFileReference; lastKnownFileType = sourcecode.swift; path = ProductsListViewControllerProtocol.swift; sourceTree = "<group>"; };
		6097711226F5EB3100EF3611 /* TransactionModel.swift */ = {isa = PBXFileReference; lastKnownFileType = sourcecode.swift; path = TransactionModel.swift; sourceTree = "<group>"; };
		6097711726F5EB6C00EF3611 /* ProductsListService.swift */ = {isa = PBXFileReference; lastKnownFileType = sourcecode.swift; path = ProductsListService.swift; sourceTree = "<group>"; };
		6097711C26F5EC2900EF3611 /* ProductListBuilder.swift */ = {isa = PBXFileReference; lastKnownFileType = sourcecode.swift; path = ProductListBuilder.swift; sourceTree = "<group>"; };
		6097714C26F5EF1100EF3611 /* ProductViewController.swift */ = {isa = PBXFileReference; lastKnownFileType = sourcecode.swift; path = ProductViewController.swift; sourceTree = "<group>"; };
		6097714D26F5EF1100EF3611 /* ProductViewController.xib */ = {isa = PBXFileReference; lastKnownFileType = file.xib; path = ProductViewController.xib; sourceTree = "<group>"; };
		6097715326F5EF2000EF3611 /* ProductPresenter.swift */ = {isa = PBXFileReference; lastKnownFileType = sourcecode.swift; path = ProductPresenter.swift; sourceTree = "<group>"; };
		6097715826F5EF2F00EF3611 /* ProductPresenterProtocol.swift */ = {isa = PBXFileReference; lastKnownFileType = sourcecode.swift; path = ProductPresenterProtocol.swift; sourceTree = "<group>"; };
		6097715E26F5EF3F00EF3611 /* RateModel.swift */ = {isa = PBXFileReference; lastKnownFileType = sourcecode.swift; path = RateModel.swift; sourceTree = "<group>"; };
		6097716326F5EF4B00EF3611 /* ProductService.swift */ = {isa = PBXFileReference; lastKnownFileType = sourcecode.swift; path = ProductService.swift; sourceTree = "<group>"; };
		6097716826F5EF9700EF3611 /* ProductViewControllerProtocol.swift */ = {isa = PBXFileReference; lastKnownFileType = sourcecode.swift; path = ProductViewControllerProtocol.swift; sourceTree = "<group>"; };
		6097716D26F5F04B00EF3611 /* ProductsListServiceProtocol.swift */ = {isa = PBXFileReference; lastKnownFileType = sourcecode.swift; path = ProductsListServiceProtocol.swift; sourceTree = "<group>"; };
		6097717226F5F08A00EF3611 /* ProductServiceProtocol.swift */ = {isa = PBXFileReference; lastKnownFileType = sourcecode.swift; path = ProductServiceProtocol.swift; sourceTree = "<group>"; };
		6097717A26F5F18E00EF3611 /* ProductBuilder.swift */ = {isa = PBXFileReference; lastKnownFileType = sourcecode.swift; path = ProductBuilder.swift; sourceTree = "<group>"; };
		6097718226F7941100EF3611 /* ProductTableViewCell.swift */ = {isa = PBXFileReference; lastKnownFileType = sourcecode.swift; path = ProductTableViewCell.swift; sourceTree = "<group>"; };
		6097718326F7941100EF3611 /* ProductTableViewCell.xib */ = {isa = PBXFileReference; lastKnownFileType = file.xib; path = ProductTableViewCell.xib; sourceTree = "<group>"; };
		609771A126F8704A00EF3611 /* ProductsListViewController.swift */ = {isa = PBXFileReference; lastKnownFileType = sourcecode.swift; path = ProductsListViewController.swift; sourceTree = "<group>"; };
		609771A226F8704A00EF3611 /* ProductsListViewController.xib */ = {isa = PBXFileReference; lastKnownFileType = file.xib; path = ProductsListViewController.xib; sourceTree = "<group>"; };
		609771AE26F8FBC000EF3611 /* ActivityIndicatorScreen.swift */ = {isa = PBXFileReference; lastKnownFileType = sourcecode.swift; path = ActivityIndicatorScreen.swift; sourceTree = "<group>"; };
		609771B426F8FC2D00EF3611 /* UIViewController+extension.swift */ = {isa = PBXFileReference; lastKnownFileType = sourcecode.swift; path = "UIViewController+extension.swift"; sourceTree = "<group>"; };
		609771BC26F8FDF700EF3611 /* TransactionTableViewCell.swift */ = {isa = PBXFileReference; lastKnownFileType = sourcecode.swift; path = TransactionTableViewCell.swift; sourceTree = "<group>"; };
		609771BD26F8FDF700EF3611 /* TransactionTableViewCell.xib */ = {isa = PBXFileReference; lastKnownFileType = file.xib; path = TransactionTableViewCell.xib; sourceTree = "<group>"; };
		609771C526F9220500EF3611 /* String+extension.swift */ = {isa = PBXFileReference; lastKnownFileType = sourcecode.swift; path = "String+extension.swift"; sourceTree = "<group>"; };
/* End PBXFileReference section */

/* Begin PBXFrameworksBuildPhase section */
		609770AE26F4F77E00EF3611 /* Frameworks */ = {
			isa = PBXFrameworksBuildPhase;
			buildActionMask = 2147483647;
			files = (
			);
			runOnlyForDeploymentPostprocessing = 0;
		};
		609770C426F4F78300EF3611 /* Frameworks */ = {
			isa = PBXFrameworksBuildPhase;
			buildActionMask = 2147483647;
			files = (
			);
			runOnlyForDeploymentPostprocessing = 0;
		};
		609770CF26F4F78300EF3611 /* Frameworks */ = {
			isa = PBXFrameworksBuildPhase;
			buildActionMask = 2147483647;
			files = (
			);
			runOnlyForDeploymentPostprocessing = 0;
		};
/* End PBXFrameworksBuildPhase section */

/* Begin PBXGroup section */
		609770A826F4F77E00EF3611 = {
			isa = PBXGroup;
			children = (
				609770B326F4F77E00EF3611 /* GNBTrades */,
				609770CA26F4F78300EF3611 /* GNBTradesTests */,
				609770D526F4F78300EF3611 /* GNBTradesUITests */,
				609770B226F4F77E00EF3611 /* Products */,
			);
			sourceTree = "<group>";
		};
		609770B226F4F77E00EF3611 /* Products */ = {
			isa = PBXGroup;
			children = (
				609770B126F4F77E00EF3611 /* GNBTrades.app */,
				609770C726F4F78300EF3611 /* GNBTradesTests.xctest */,
				609770D226F4F78300EF3611 /* GNBTradesUITests.xctest */,
			);
			name = Products;
			sourceTree = "<group>";
		};
		609770B326F4F77E00EF3611 /* GNBTrades */ = {
			isa = PBXGroup;
			children = (
				609771C426F921E100EF3611 /* ActivityIndicator */,
				609771C326F921CA00EF3611 /* Extensions */,
				6097712126F5ED0D00EF3611 /* Product */,
				609770FC26F5E91300EF3611 /* ProductsList */,
				609770F626F5E77800EF3611 /* Network */,
				609770B426F4F77E00EF3611 /* AppDelegate.swift */,
				609770B626F4F77E00EF3611 /* SceneDelegate.swift */,
				609770B826F4F77E00EF3611 /* ViewController.swift */,
				609770BD26F4F78300EF3611 /* Assets.xcassets */,
				609770BF26F4F78300EF3611 /* LaunchScreen.storyboard */,
				609770C226F4F78300EF3611 /* Info.plist */,
				609770F126F5E5B000EF3611 /* NavigationController.swift */,
			);
			path = GNBTrades;
			sourceTree = "<group>";
		};
		609770CA26F4F78300EF3611 /* GNBTradesTests */ = {
			isa = PBXGroup;
			children = (
				609770CB26F4F78300EF3611 /* GNBTradesTests.swift */,
				609770CD26F4F78300EF3611 /* Info.plist */,
			);
			path = GNBTradesTests;
			sourceTree = "<group>";
		};
		609770D526F4F78300EF3611 /* GNBTradesUITests */ = {
			isa = PBXGroup;
			children = (
				609770D626F4F78300EF3611 /* GNBTradesUITests.swift */,
				609770D826F4F78300EF3611 /* Info.plist */,
			);
			path = GNBTradesUITests;
			sourceTree = "<group>";
		};
		609770F626F5E77800EF3611 /* Network */ = {
			isa = PBXGroup;
			children = (
				609770F726F5E79900EF3611 /* APIClient.swift */,
			);
			path = Network;
			sourceTree = "<group>";
		};
		609770FC26F5E91300EF3611 /* ProductsList */ = {
			isa = PBXGroup;
			children = (
				609770FF26F5EA8B00EF3611 /* Model */,
				609770FE26F5E92F00EF3611 /* Presenter */,
				609770FD26F5E92500EF3611 /* View */,
				6097711C26F5EC2900EF3611 /* ProductListBuilder.swift */,
			);
			path = ProductsList;
			sourceTree = "<group>";
		};
		609770FD26F5E92500EF3611 /* View */ = {
			isa = PBXGroup;
			children = (
				6097710D26F5EAEB00EF3611 /* ProductsListViewControllerProtocol.swift */,
				6097718226F7941100EF3611 /* ProductTableViewCell.swift */,
				6097718326F7941100EF3611 /* ProductTableViewCell.xib */,
				609771A126F8704A00EF3611 /* ProductsListViewController.swift */,
				609771A226F8704A00EF3611 /* ProductsListViewController.xib */,
			);
			path = View;
			sourceTree = "<group>";
		};
		609770FE26F5E92F00EF3611 /* Presenter */ = {
			isa = PBXGroup;
			children = (
				6097710026F5EAA000EF3611 /* ProductsListPresenter.swift */,
				6097710826F5EAAC00EF3611 /* ProductsListPresenterProtocol.swift */,
			);
			path = Presenter;
			sourceTree = "<group>";
		};
		609770FF26F5EA8B00EF3611 /* Model */ = {
			isa = PBXGroup;
			children = (
				6097711226F5EB3100EF3611 /* TransactionModel.swift */,
				6097711726F5EB6C00EF3611 /* ProductsListService.swift */,
				6097716D26F5F04B00EF3611 /* ProductsListServiceProtocol.swift */,
			);
			path = Model;
			sourceTree = "<group>";
		};
		6097712126F5ED0D00EF3611 /* Product */ = {
			isa = PBXGroup;
			children = (
				6097714326F5EEDC00EF3611 /* Model */,
				6097714226F5EED400EF3611 /* Presenter */,
				6097714126F5EECF00EF3611 /* View */,
				6097717A26F5F18E00EF3611 /* ProductBuilder.swift */,
			);
			path = Product;
			sourceTree = "<group>";
		};
		6097714126F5EECF00EF3611 /* View */ = {
			isa = PBXGroup;
			children = (
				6097714C26F5EF1100EF3611 /* ProductViewController.swift */,
				6097714D26F5EF1100EF3611 /* ProductViewController.xib */,
				6097716826F5EF9700EF3611 /* ProductViewControllerProtocol.swift */,
				609771BC26F8FDF700EF3611 /* TransactionTableViewCell.swift */,
				609771BD26F8FDF700EF3611 /* TransactionTableViewCell.xib */,
			);
			path = View;
			sourceTree = "<group>";
		};
		6097714226F5EED400EF3611 /* Presenter */ = {
			isa = PBXGroup;
			children = (
				6097715326F5EF2000EF3611 /* ProductPresenter.swift */,
				6097715826F5EF2F00EF3611 /* ProductPresenterProtocol.swift */,
			);
			path = Presenter;
			sourceTree = "<group>";
		};
		6097714326F5EEDC00EF3611 /* Model */ = {
			isa = PBXGroup;
			children = (
				6097715E26F5EF3F00EF3611 /* RateModel.swift */,
				6097716326F5EF4B00EF3611 /* ProductService.swift */,
				6097717226F5F08A00EF3611 /* ProductServiceProtocol.swift */,
			);
			path = Model;
			sourceTree = "<group>";
		};
		609771C326F921CA00EF3611 /* Extensions */ = {
			isa = PBXGroup;
			children = (
				609771B426F8FC2D00EF3611 /* UIViewController+extension.swift */,
				609771C526F9220500EF3611 /* String+extension.swift */,
			);
			path = Extensions;
			sourceTree = "<group>";
		};
		609771C426F921E100EF3611 /* ActivityIndicator */ = {
			isa = PBXGroup;
			children = (
				609771AE26F8FBC000EF3611 /* ActivityIndicatorScreen.swift */,
			);
			path = ActivityIndicator;
			sourceTree = "<group>";
		};
/* End PBXGroup section */

/* Begin PBXNativeTarget section */
		609770B026F4F77E00EF3611 /* GNBTrades */ = {
			isa = PBXNativeTarget;
			buildConfigurationList = 609770DB26F4F78300EF3611 /* Build configuration list for PBXNativeTarget "GNBTrades" */;
			buildPhases = (
				609770AD26F4F77E00EF3611 /* Sources */,
				609770AE26F4F77E00EF3611 /* Frameworks */,
				609770AF26F4F77E00EF3611 /* Resources */,
			);
			buildRules = (
			);
			dependencies = (
			);
			name = GNBTrades;
			productName = GNBTrades;
			productReference = 609770B126F4F77E00EF3611 /* GNBTrades.app */;
			productType = "com.apple.product-type.application";
		};
		609770C626F4F78300EF3611 /* GNBTradesTests */ = {
			isa = PBXNativeTarget;
			buildConfigurationList = 609770DE26F4F78300EF3611 /* Build configuration list for PBXNativeTarget "GNBTradesTests" */;
			buildPhases = (
				609770C326F4F78300EF3611 /* Sources */,
				609770C426F4F78300EF3611 /* Frameworks */,
				609770C526F4F78300EF3611 /* Resources */,
			);
			buildRules = (
			);
			dependencies = (
				609770C926F4F78300EF3611 /* PBXTargetDependency */,
			);
			name = GNBTradesTests;
			productName = GNBTradesTests;
			productReference = 609770C726F4F78300EF3611 /* GNBTradesTests.xctest */;
			productType = "com.apple.product-type.bundle.unit-test";
		};
		609770D126F4F78300EF3611 /* GNBTradesUITests */ = {
			isa = PBXNativeTarget;
			buildConfigurationList = 609770E126F4F78300EF3611 /* Build configuration list for PBXNativeTarget "GNBTradesUITests" */;
			buildPhases = (
				609770CE26F4F78300EF3611 /* Sources */,
				609770CF26F4F78300EF3611 /* Frameworks */,
				609770D026F4F78300EF3611 /* Resources */,
			);
			buildRules = (
			);
			dependencies = (
				609770D426F4F78300EF3611 /* PBXTargetDependency */,
			);
			name = GNBTradesUITests;
			productName = GNBTradesUITests;
			productReference = 609770D226F4F78300EF3611 /* GNBTradesUITests.xctest */;
			productType = "com.apple.product-type.bundle.ui-testing";
		};
/* End PBXNativeTarget section */

/* Begin PBXProject section */
		609770A926F4F77E00EF3611 /* Project object */ = {
			isa = PBXProject;
			attributes = {
				LastSwiftUpdateCheck = 1230;
				LastUpgradeCheck = 1230;
				TargetAttributes = {
					609770B026F4F77E00EF3611 = {
						CreatedOnToolsVersion = 12.3;
					};
					609770C626F4F78300EF3611 = {
						CreatedOnToolsVersion = 12.3;
						TestTargetID = 609770B026F4F77E00EF3611;
					};
					609770D126F4F78300EF3611 = {
						CreatedOnToolsVersion = 12.3;
						TestTargetID = 609770B026F4F77E00EF3611;
					};
				};
			};
			buildConfigurationList = 609770AC26F4F77E00EF3611 /* Build configuration list for PBXProject "GNBTrades" */;
			compatibilityVersion = "Xcode 9.3";
			developmentRegion = en;
			hasScannedForEncodings = 0;
			knownRegions = (
				en,
				Base,
			);
			mainGroup = 609770A826F4F77E00EF3611;
			productRefGroup = 609770B226F4F77E00EF3611 /* Products */;
			projectDirPath = "";
			projectRoot = "";
			targets = (
				609770B026F4F77E00EF3611 /* GNBTrades */,
				609770C626F4F78300EF3611 /* GNBTradesTests */,
				609770D126F4F78300EF3611 /* GNBTradesUITests */,
			);
		};
/* End PBXProject section */

/* Begin PBXResourcesBuildPhase section */
		609770AF26F4F77E00EF3611 /* Resources */ = {
			isa = PBXResourcesBuildPhase;
			buildActionMask = 2147483647;
			files = (
				609771A426F8704A00EF3611 /* ProductsListViewController.xib in Resources */,
				609770C126F4F78300EF3611 /* LaunchScreen.storyboard in Resources */,
				609770BE26F4F78300EF3611 /* Assets.xcassets in Resources */,
				6097718526F7941100EF3611 /* ProductTableViewCell.xib in Resources */,
				609771BF26F8FDF700EF3611 /* TransactionTableViewCell.xib in Resources */,
				6097714F26F5EF1100EF3611 /* ProductViewController.xib in Resources */,
			);
			runOnlyForDeploymentPostprocessing = 0;
		};
		609770C526F4F78300EF3611 /* Resources */ = {
			isa = PBXResourcesBuildPhase;
			buildActionMask = 2147483647;
			files = (
			);
			runOnlyForDeploymentPostprocessing = 0;
		};
		609770D026F4F78300EF3611 /* Resources */ = {
			isa = PBXResourcesBuildPhase;
			buildActionMask = 2147483647;
			files = (
			);
			runOnlyForDeploymentPostprocessing = 0;
		};
/* End PBXResourcesBuildPhase section */

/* Begin PBXSourcesBuildPhase section */
		609770AD26F4F77E00EF3611 /* Sources */ = {
			isa = PBXSourcesBuildPhase;
			buildActionMask = 2147483647;
			files = (
				6097714E26F5EF1100EF3611 /* ProductViewController.swift in Sources */,
				6097711326F5EB3100EF3611 /* TransactionModel.swift in Sources */,
				6097710E26F5EAEB00EF3611 /* ProductsListViewControllerProtocol.swift in Sources */,
				6097715926F5EF2F00EF3611 /* ProductPresenterProtocol.swift in Sources */,
				609770B926F4F77E00EF3611 /* ViewController.swift in Sources */,
				6097716E26F5F04B00EF3611 /* ProductsListServiceProtocol.swift in Sources */,
				609771A326F8704A00EF3611 /* ProductsListViewController.swift in Sources */,
				609770B526F4F77E00EF3611 /* AppDelegate.swift in Sources */,
				609771B526F8FC2D00EF3611 /* UIViewController+extension.swift in Sources */,
				6097718426F7941100EF3611 /* ProductTableViewCell.swift in Sources */,
				6097716926F5EF9700EF3611 /* ProductViewControllerProtocol.swift in Sources */,
				6097716426F5EF4B00EF3611 /* ProductService.swift in Sources */,
				609771C626F9220500EF3611 /* String+extension.swift in Sources */,
				609770F226F5E5B000EF3611 /* NavigationController.swift in Sources */,
				609771AF26F8FBC000EF3611 /* ActivityIndicatorScreen.swift in Sources */,
				6097715426F5EF2000EF3611 /* ProductPresenter.swift in Sources */,
				609770B726F4F77E00EF3611 /* SceneDelegate.swift in Sources */,
				609771BE26F8FDF700EF3611 /* TransactionTableViewCell.swift in Sources */,
				6097710926F5EAAC00EF3611 /* ProductsListPresenterProtocol.swift in Sources */,
				6097711D26F5EC2900EF3611 /* ProductListBuilder.swift in Sources */,
				6097717326F5F08A00EF3611 /* ProductServiceProtocol.swift in Sources */,
				6097711826F5EB6C00EF3611 /* ProductsListService.swift in Sources */,
				6097710126F5EAA000EF3611 /* ProductsListPresenter.swift in Sources */,
				609770F826F5E79900EF3611 /* APIClient.swift in Sources */,
				6097717B26F5F18E00EF3611 /* ProductBuilder.swift in Sources */,
				6097715F26F5EF3F00EF3611 /* RateModel.swift in Sources */,
			);
			runOnlyForDeploymentPostprocessing = 0;
		};
		609770C326F4F78300EF3611 /* Sources */ = {
			isa = PBXSourcesBuildPhase;
			buildActionMask = 2147483647;
			files = (
				609770CC26F4F78300EF3611 /* GNBTradesTests.swift in Sources */,
			);
			runOnlyForDeploymentPostprocessing = 0;
		};
		609770CE26F4F78300EF3611 /* Sources */ = {
			isa = PBXSourcesBuildPhase;
			buildActionMask = 2147483647;
			files = (
				609770D726F4F78300EF3611 /* GNBTradesUITests.swift in Sources */,
			);
			runOnlyForDeploymentPostprocessing = 0;
		};
/* End PBXSourcesBuildPhase section */

/* Begin PBXTargetDependency section */
		609770C926F4F78300EF3611 /* PBXTargetDependency */ = {
			isa = PBXTargetDependency;
			target = 609770B026F4F77E00EF3611 /* GNBTrades */;
			targetProxy = 609770C826F4F78300EF3611 /* PBXContainerItemProxy */;
		};
		609770D426F4F78300EF3611 /* PBXTargetDependency */ = {
			isa = PBXTargetDependency;
			target = 609770B026F4F77E00EF3611 /* GNBTrades */;
			targetProxy = 609770D326F4F78300EF3611 /* PBXContainerItemProxy */;
		};
/* End PBXTargetDependency section */

/* Begin PBXVariantGroup section */
		609770BF26F4F78300EF3611 /* LaunchScreen.storyboard */ = {
			isa = PBXVariantGroup;
			children = (
				609770C026F4F78300EF3611 /* Base */,
			);
			name = LaunchScreen.storyboard;
			sourceTree = "<group>";
		};
/* End PBXVariantGroup section */

/* Begin XCBuildConfiguration section */
		609770D926F4F78300EF3611 /* Debug */ = {
			isa = XCBuildConfiguration;
			buildSettings = {
				ALWAYS_SEARCH_USER_PATHS = NO;
				CLANG_ANALYZER_NONNULL = YES;
				CLANG_ANALYZER_NUMBER_OBJECT_CONVERSION = YES_AGGRESSIVE;
				CLANG_CXX_LANGUAGE_STANDARD = "gnu++14";
				CLANG_CXX_LIBRARY = "libc++";
				CLANG_ENABLE_MODULES = YES;
				CLANG_ENABLE_OBJC_ARC = YES;
				CLANG_ENABLE_OBJC_WEAK = YES;
				CLANG_WARN_BLOCK_CAPTURE_AUTORELEASING = YES;
				CLANG_WARN_BOOL_CONVERSION = YES;
				CLANG_WARN_COMMA = YES;
				CLANG_WARN_CONSTANT_CONVERSION = YES;
				CLANG_WARN_DEPRECATED_OBJC_IMPLEMENTATIONS = YES;
				CLANG_WARN_DIRECT_OBJC_ISA_USAGE = YES_ERROR;
				CLANG_WARN_DOCUMENTATION_COMMENTS = YES;
				CLANG_WARN_EMPTY_BODY = YES;
				CLANG_WARN_ENUM_CONVERSION = YES;
				CLANG_WARN_INFINITE_RECURSION = YES;
				CLANG_WARN_INT_CONVERSION = YES;
				CLANG_WARN_NON_LITERAL_NULL_CONVERSION = YES;
				CLANG_WARN_OBJC_IMPLICIT_RETAIN_SELF = YES;
				CLANG_WARN_OBJC_LITERAL_CONVERSION = YES;
				CLANG_WARN_OBJC_ROOT_CLASS = YES_ERROR;
				CLANG_WARN_QUOTED_INCLUDE_IN_FRAMEWORK_HEADER = YES;
				CLANG_WARN_RANGE_LOOP_ANALYSIS = YES;
				CLANG_WARN_STRICT_PROTOTYPES = YES;
				CLANG_WARN_SUSPICIOUS_MOVE = YES;
				CLANG_WARN_UNGUARDED_AVAILABILITY = YES_AGGRESSIVE;
				CLANG_WARN_UNREACHABLE_CODE = YES;
				CLANG_WARN__DUPLICATE_METHOD_MATCH = YES;
				COPY_PHASE_STRIP = NO;
				DEBUG_INFORMATION_FORMAT = dwarf;
				ENABLE_STRICT_OBJC_MSGSEND = YES;
				ENABLE_TESTABILITY = YES;
				GCC_C_LANGUAGE_STANDARD = gnu11;
				GCC_DYNAMIC_NO_PIC = NO;
				GCC_NO_COMMON_BLOCKS = YES;
				GCC_OPTIMIZATION_LEVEL = 0;
				GCC_PREPROCESSOR_DEFINITIONS = (
					"DEBUG=1",
					"$(inherited)",
				);
				GCC_WARN_64_TO_32_BIT_CONVERSION = YES;
				GCC_WARN_ABOUT_RETURN_TYPE = YES_ERROR;
				GCC_WARN_UNDECLARED_SELECTOR = YES;
				GCC_WARN_UNINITIALIZED_AUTOS = YES_AGGRESSIVE;
				GCC_WARN_UNUSED_FUNCTION = YES;
				GCC_WARN_UNUSED_VARIABLE = YES;
				IPHONEOS_DEPLOYMENT_TARGET = 14.3;
				MTL_ENABLE_DEBUG_INFO = INCLUDE_SOURCE;
				MTL_FAST_MATH = YES;
				ONLY_ACTIVE_ARCH = YES;
				SDKROOT = iphoneos;
				SWIFT_ACTIVE_COMPILATION_CONDITIONS = DEBUG;
				SWIFT_OPTIMIZATION_LEVEL = "-Onone";
			};
			name = Debug;
		};
		609770DA26F4F78300EF3611 /* Release */ = {
			isa = XCBuildConfiguration;
			buildSettings = {
				ALWAYS_SEARCH_USER_PATHS = NO;
				CLANG_ANALYZER_NONNULL = YES;
				CLANG_ANALYZER_NUMBER_OBJECT_CONVERSION = YES_AGGRESSIVE;
				CLANG_CXX_LANGUAGE_STANDARD = "gnu++14";
				CLANG_CXX_LIBRARY = "libc++";
				CLANG_ENABLE_MODULES = YES;
				CLANG_ENABLE_OBJC_ARC = YES;
				CLANG_ENABLE_OBJC_WEAK = YES;
				CLANG_WARN_BLOCK_CAPTURE_AUTORELEASING = YES;
				CLANG_WARN_BOOL_CONVERSION = YES;
				CLANG_WARN_COMMA = YES;
				CLANG_WARN_CONSTANT_CONVERSION = YES;
				CLANG_WARN_DEPRECATED_OBJC_IMPLEMENTATIONS = YES;
				CLANG_WARN_DIRECT_OBJC_ISA_USAGE = YES_ERROR;
				CLANG_WARN_DOCUMENTATION_COMMENTS = YES;
				CLANG_WARN_EMPTY_BODY = YES;
				CLANG_WARN_ENUM_CONVERSION = YES;
				CLANG_WARN_INFINITE_RECURSION = YES;
				CLANG_WARN_INT_CONVERSION = YES;
				CLANG_WARN_NON_LITERAL_NULL_CONVERSION = YES;
				CLANG_WARN_OBJC_IMPLICIT_RETAIN_SELF = YES;
				CLANG_WARN_OBJC_LITERAL_CONVERSION = YES;
				CLANG_WARN_OBJC_ROOT_CLASS = YES_ERROR;
				CLANG_WARN_QUOTED_INCLUDE_IN_FRAMEWORK_HEADER = YES;
				CLANG_WARN_RANGE_LOOP_ANALYSIS = YES;
				CLANG_WARN_STRICT_PROTOTYPES = YES;
				CLANG_WARN_SUSPICIOUS_MOVE = YES;
				CLANG_WARN_UNGUARDED_AVAILABILITY = YES_AGGRESSIVE;
				CLANG_WARN_UNREACHABLE_CODE = YES;
				CLANG_WARN__DUPLICATE_METHOD_MATCH = YES;
				COPY_PHASE_STRIP = NO;
				DEBUG_INFORMATION_FORMAT = "dwarf-with-dsym";
				ENABLE_NS_ASSERTIONS = NO;
				ENABLE_STRICT_OBJC_MSGSEND = YES;
				GCC_C_LANGUAGE_STANDARD = gnu11;
				GCC_NO_COMMON_BLOCKS = YES;
				GCC_WARN_64_TO_32_BIT_CONVERSION = YES;
				GCC_WARN_ABOUT_RETURN_TYPE = YES_ERROR;
				GCC_WARN_UNDECLARED_SELECTOR = YES;
				GCC_WARN_UNINITIALIZED_AUTOS = YES_AGGRESSIVE;
				GCC_WARN_UNUSED_FUNCTION = YES;
				GCC_WARN_UNUSED_VARIABLE = YES;
				IPHONEOS_DEPLOYMENT_TARGET = 14.3;
				MTL_ENABLE_DEBUG_INFO = NO;
				MTL_FAST_MATH = YES;
				SDKROOT = iphoneos;
				SWIFT_COMPILATION_MODE = wholemodule;
				SWIFT_OPTIMIZATION_LEVEL = "-O";
				VALIDATE_PRODUCT = YES;
			};
			name = Release;
		};
		609770DC26F4F78300EF3611 /* Debug */ = {
			isa = XCBuildConfiguration;
			buildSettings = {
				ASSETCATALOG_COMPILER_APPICON_NAME = AppIcon;
				ASSETCATALOG_COMPILER_GLOBAL_ACCENT_COLOR_NAME = AccentColor;
				CODE_SIGN_STYLE = Automatic;
				INFOPLIST_FILE = GNBTrades/Info.plist;
				LD_RUNPATH_SEARCH_PATHS = (
					"$(inherited)",
					"@executable_path/Frameworks",
				);
				PRODUCT_BUNDLE_IDENTIFIER = com.albertaige.GNBTrades;
				PRODUCT_NAME = "$(TARGET_NAME)";
				SWIFT_VERSION = 5.0;
				TARGETED_DEVICE_FAMILY = "1,2";
			};
			name = Debug;
		};
		609770DD26F4F78300EF3611 /* Release */ = {
			isa = XCBuildConfiguration;
			buildSettings = {
				ASSETCATALOG_COMPILER_APPICON_NAME = AppIcon;
				ASSETCATALOG_COMPILER_GLOBAL_ACCENT_COLOR_NAME = AccentColor;
				CODE_SIGN_STYLE = Automatic;
				INFOPLIST_FILE = GNBTrades/Info.plist;
				LD_RUNPATH_SEARCH_PATHS = (
					"$(inherited)",
					"@executable_path/Frameworks",
				);
				PRODUCT_BUNDLE_IDENTIFIER = com.albertaige.GNBTrades;
				PRODUCT_NAME = "$(TARGET_NAME)";
				SWIFT_VERSION = 5.0;
				TARGETED_DEVICE_FAMILY = "1,2";
			};
			name = Release;
		};
		609770DF26F4F78300EF3611 /* Debug */ = {
			isa = XCBuildConfiguration;
			buildSettings = {
				ALWAYS_EMBED_SWIFT_STANDARD_LIBRARIES = YES;
				BUNDLE_LOADER = "$(TEST_HOST)";
				CODE_SIGN_STYLE = Automatic;
				INFOPLIST_FILE = GNBTradesTests/Info.plist;
				IPHONEOS_DEPLOYMENT_TARGET = 14.3;
				LD_RUNPATH_SEARCH_PATHS = (
					"$(inherited)",
					"@executable_path/Frameworks",
					"@loader_path/Frameworks",
				);
				PRODUCT_BUNDLE_IDENTIFIER = com.albertaige.GNBTradesTests;
				PRODUCT_NAME = "$(TARGET_NAME)";
				SWIFT_VERSION = 5.0;
				TARGETED_DEVICE_FAMILY = "1,2";
				TEST_HOST = "$(BUILT_PRODUCTS_DIR)/GNBTrades.app/GNBTrades";
			};
			name = Debug;
		};
		609770E026F4F78300EF3611 /* Release */ = {
			isa = XCBuildConfiguration;
			buildSettings = {
				ALWAYS_EMBED_SWIFT_STANDARD_LIBRARIES = YES;
				BUNDLE_LOADER = "$(TEST_HOST)";
				CODE_SIGN_STYLE = Automatic;
				INFOPLIST_FILE = GNBTradesTests/Info.plist;
				IPHONEOS_DEPLOYMENT_TARGET = 14.3;
				LD_RUNPATH_SEARCH_PATHS = (
					"$(inherited)",
					"@executable_path/Frameworks",
					"@loader_path/Frameworks",
				);
				PRODUCT_BUNDLE_IDENTIFIER = com.albertaige.GNBTradesTests;
				PRODUCT_NAME = "$(TARGET_NAME)";
				SWIFT_VERSION = 5.0;
				TARGETED_DEVICE_FAMILY = "1,2";
				TEST_HOST = "$(BUILT_PRODUCTS_DIR)/GNBTrades.app/GNBTrades";
			};
			name = Release;
		};
		609770E226F4F78300EF3611 /* Debug */ = {
			isa = XCBuildConfiguration;
			buildSettings = {
				ALWAYS_EMBED_SWIFT_STANDARD_LIBRARIES = YES;
				CODE_SIGN_STYLE = Automatic;
				INFOPLIST_FILE = GNBTradesUITests/Info.plist;
				LD_RUNPATH_SEARCH_PATHS = (
					"$(inherited)",
					"@executable_path/Frameworks",
					"@loader_path/Frameworks",
				);
				PRODUCT_BUNDLE_IDENTIFIER = com.albertaige.GNBTradesUITests;
				PRODUCT_NAME = "$(TARGET_NAME)";
				SWIFT_VERSION = 5.0;
				TARGETED_DEVICE_FAMILY = "1,2";
				TEST_TARGET_NAME = GNBTrades;
			};
			name = Debug;
		};
		609770E326F4F78300EF3611 /* Release */ = {
			isa = XCBuildConfiguration;
			buildSettings = {
				ALWAYS_EMBED_SWIFT_STANDARD_LIBRARIES = YES;
				CODE_SIGN_STYLE = Automatic;
				INFOPLIST_FILE = GNBTradesUITests/Info.plist;
				LD_RUNPATH_SEARCH_PATHS = (
					"$(inherited)",
					"@executable_path/Frameworks",
					"@loader_path/Frameworks",
				);
				PRODUCT_BUNDLE_IDENTIFIER = com.albertaige.GNBTradesUITests;
				PRODUCT_NAME = "$(TARGET_NAME)";
				SWIFT_VERSION = 5.0;
				TARGETED_DEVICE_FAMILY = "1,2";
				TEST_TARGET_NAME = GNBTrades;
			};
			name = Release;
		};
/* End XCBuildConfiguration section */

/* Begin XCConfigurationList section */
		609770AC26F4F77E00EF3611 /* Build configuration list for PBXProject "GNBTrades" */ = {
			isa = XCConfigurationList;
			buildConfigurations = (
				609770D926F4F78300EF3611 /* Debug */,
				609770DA26F4F78300EF3611 /* Release */,
			);
			defaultConfigurationIsVisible = 0;
			defaultConfigurationName = Release;
		};
		609770DB26F4F78300EF3611 /* Build configuration list for PBXNativeTarget "GNBTrades" */ = {
			isa = XCConfigurationList;
			buildConfigurations = (
				609770DC26F4F78300EF3611 /* Debug */,
				609770DD26F4F78300EF3611 /* Release */,
			);
			defaultConfigurationIsVisible = 0;
			defaultConfigurationName = Release;
		};
		609770DE26F4F78300EF3611 /* Build configuration list for PBXNativeTarget "GNBTradesTests" */ = {
			isa = XCConfigurationList;
			buildConfigurations = (
				609770DF26F4F78300EF3611 /* Debug */,
				609770E026F4F78300EF3611 /* Release */,
			);
			defaultConfigurationIsVisible = 0;
			defaultConfigurationName = Release;
		};
		609770E126F4F78300EF3611 /* Build configuration list for PBXNativeTarget "GNBTradesUITests" */ = {
			isa = XCConfigurationList;
			buildConfigurations = (
				609770E226F4F78300EF3611 /* Debug */,
				609770E326F4F78300EF3611 /* Release */,
			);
			defaultConfigurationIsVisible = 0;
			defaultConfigurationName = Release;
		};
/* End XCConfigurationList section */
	};
	rootObject = 609770A926F4F77E00EF3611 /* Project object */;
}
